# This file is automatically @generated by Cargo.
# It is not intended for manual editing.
[[package]]
name = "anyhow"
version = "1.0.38"
source = "registry+https://github.com/rust-lang/crates.io-index"
checksum = "afddf7f520a80dbf76e6f50a35bca42a2331ef227a28b3b6dc5c2e2338d114b1"

[[package]]
name = "cfg-if"
version = "0.1.10"
source = "registry+https://github.com/rust-lang/crates.io-index"
checksum = "4785bdd1c96b2a846b2bd7cc02e86b6b3dbf14e7e53446c4f54c92a361040822"

[[package]]
name = "heck"
version = "0.3.2"
source = "registry+https://github.com/rust-lang/crates.io-index"
checksum = "87cbf45460356b7deeb5e3415b5563308c0a9b057c85e12b06ad551f98d0a6ac"
dependencies = [
 "unicode-segmentation",
]

[[package]]
name = "id-arena"
version = "2.2.1"
source = "registry+https://github.com/rust-lang/crates.io-index"
checksum = "25a2bc672d1148e28034f176e01fffebb08b35768468cc954630da77a1449005"

[[package]]
name = "leb128"
version = "0.2.4"
source = "registry+https://github.com/rust-lang/crates.io-index"
checksum = "3576a87f2ba00f6f106fdfcd16db1d698d648a26ad8e0573cad8537c3c362d2a"

[[package]]
name = "log"
version = "0.4.13"
source = "registry+https://github.com/rust-lang/crates.io-index"
checksum = "fcf3805d4480bb5b86070dcfeb9e2cb2ebc148adb753c5cca5f884d1d65a42b2"
dependencies = [
 "cfg-if",
]

[[package]]
name = "multi-value-reverse-polyfill"
version = "0.1.0"
dependencies = [
 "walrus",
 "wasm-bindgen-multi-value-xform",
 "wasm-bindgen-wasm-conventions",
 "wit-text",
 "wit-validator",
 "wit-walrus",
]

[[package]]
name = "proc-macro2"
version = "1.0.24"
source = "registry+https://github.com/rust-lang/crates.io-index"
checksum = "1e0704ee1a7e00d7bb417d0770ea303c1bccbabf0ef1667dae92b5967f5f8a71"
dependencies = [
 "unicode-xid",
]

[[package]]
name = "quote"
version = "1.0.8"
source = "registry+https://github.com/rust-lang/crates.io-index"
checksum = "991431c3519a3f36861882da93630ce66b52918dcf1b8e2fd66b397fc96f28df"
dependencies = [
 "proc-macro2",
]

[[package]]
name = "syn"
version = "1.0.59"
source = "registry+https://github.com/rust-lang/crates.io-index"
checksum = "07cb8b1b4ebf86a89ee88cbd201b022b94138c623644d035185c84d3f41b7e66"
dependencies = [
 "proc-macro2",
 "quote",
 "unicode-xid",
]

[[package]]
name = "unicode-segmentation"
version = "1.7.1"
source = "registry+https://github.com/rust-lang/crates.io-index"
checksum = "bb0d2e7be6ae3a5fa87eed5fb451aff96f2573d2694942e40543ae0bbe19c796"

[[package]]
name = "unicode-xid"
version = "0.2.1"
source = "registry+https://github.com/rust-lang/crates.io-index"
checksum = "f7fe0bb3479651439c9112f72b6c505038574c9fbb575ed1bf3b797fa39dd564"

[[package]]
name = "walrus"
version = "0.18.0"
source = "registry+https://github.com/rust-lang/crates.io-index"
checksum = "4d470d0583e65f4cab21a1ff3c1ba3dd23ae49e68f516f0afceaeb001b32af39"
dependencies = [
 "anyhow",
 "id-arena",
 "leb128",
 "log",
 "walrus-macro",
 "wasmparser",
]

[[package]]
name = "walrus-macro"
version = "0.18.0"
source = "registry+https://github.com/rust-lang/crates.io-index"
checksum = "d7c2bb690b44cb1b0fdcc54d4998d21f8bdaf706b93775425e440b174f39ad16"
dependencies = [
 "heck",
 "proc-macro2",
 "quote",
 "syn",
]

[[package]]
name = "wasm-bindgen-multi-value-xform"
version = "0.2.69"
source = "registry+https://github.com/rust-lang/crates.io-index"
checksum = "7daa80ca92441e40c0829ed3553200c0c092aff04d26e3a2d62bb146478bd5d0"
dependencies = [
 "anyhow",
 "walrus",
]

[[package]]
name = "wasm-bindgen-wasm-conventions"
version = "0.2.69"
source = "registry+https://github.com/rust-lang/crates.io-index"
checksum = "dabd77656056b738788ec1c39fb4cf90da4f87c76459bc84d51aaca6e6b7ab65"
dependencies = [
 "anyhow",
 "walrus",
]

[[package]]
name = "wasmparser"
version = "0.59.0"
source = "registry+https://github.com/rust-lang/crates.io-index"
checksum = "a950e6a618f62147fd514ff445b2a0b53120d382751960797f85f058c7eda9b9"

[[package]]
name = "wast"
version = "21.0.0"
source = "registry+https://github.com/rust-lang/crates.io-index"
checksum = "0b1844f66a2bc8526d71690104c0e78a8e59ffa1597b7245769d174ebb91deb5"
dependencies = [
 "leb128",
]

[[package]]
name = "wit-parser"
version = "0.2.0"
source = "registry+https://github.com/rust-lang/crates.io-index"
checksum = "3f5fd97866f4b9c8e1ed57bcf9446f3d0d8ba37e2dd01c3c612c046c053b06f7"
dependencies = [
 "anyhow",
 "leb128",
 "wit-schema-version",
]

[[package]]
name = "wit-schema-version"
version = "0.1.0"
source = "registry+https://github.com/rust-lang/crates.io-index"
checksum = "bfee4a6a4716eefa0682e7a3b836152e894a3e4f34a9d6c2c3e1c94429bfe36a"

[[package]]
name = "wit-text"
version = "0.8.0"
source = "registry+https://github.com/rust-lang/crates.io-index"
checksum = "33358e95c77d660f1c7c07f4a93c2bd89768965e844e3c50730bb4b42658df5f"
dependencies = [
 "anyhow",
 "wast",
 "wit-writer",
]

[[package]]
name = "wit-validator"
version = "0.2.1"
source = "registry+https://github.com/rust-lang/crates.io-index"
checksum = "3c11d93d925420e7872b226c4161849c32be38385ccab026b88df99d8ddc6ba6"
dependencies = [
 "anyhow",
 "wasmparser",
 "wit-parser",
 "wit-schema-version",
]

[[package]]
name = "wit-walrus"
version = "0.5.0"
source = "registry+https://github.com/rust-lang/crates.io-index"
checksum = "b532d7bc47d02a08463adc934301efbf67e7b1e1284f8a68edc85d1ca84fa125"
dependencies = [
 "anyhow",
 "id-arena",
 "walrus",
 "wit-parser",
 "wit-schema-version",
 "wit-writer",
]

[[package]]
name = "wit-writer"
version = "0.2.0"
source = "registry+https://github.com/rust-lang/crates.io-index"
checksum = "c2ad01ba5e9cbcff799a0689e56a153776ea694cec777f605938cb9880d41a09"
dependencies = [
 "leb128",
 "wit-schema-version",
]
